
Microsoft Visual Studio Solution File, Format Version 12.00
# Visual Studio Version 17
VisualStudioVersion = 17.14.36414.22 d17.14
MinimumVisualStudioVersion = 10.0.40219.1
Project("{FAE04EC0-301F-11D3-BF4B-00C04F79EFBC}") = "lab6.2", "lab6.2\lab6.2.csproj", "{AD9AA9EE-7C41-4F4A-9954-8B006FBF44D0}"
EndProject
Global
	GlobalSection(SolutionConfigurationPlatforms) = preSolution
		Debug|Any CPU = Debug|Any CPU
		Release|Any CPU = Release|Any CPU
	EndGlobalSection
	GlobalSection(ProjectConfigurationPlatforms) = postSolution
		{AD9AA9EE-7C41-4F4A-9954-8B006FBF44D0}.Debug|Any CPU.ActiveCfg = Debug|Any CPU
		{AD9AA9EE-7C41-4F4A-9954-8B006FBF44D0}.Debug|Any CPU.Build.0 = Debug|Any CPU
		{AD9AA9EE-7C41-4F4A-9954-8B006FBF44D0}.Release|Any CPU.ActiveCfg = Release|Any CPU
		{AD9AA9EE-7C41-4F4A-9954-8B006FBF44D0}.Release|Any CPU.Build.0 = Release|Any CPU
	EndGlobalSection
	GlobalSection(SolutionProperties) = preSolution
		HideSolutionNode = FALSE
	EndGlobalSection
	GlobalSection(ExtensibilityGlobals) = postSolution
		SolutionGuid = {A913120A-1AC0-4735-9E7C-28229C41E8F8}
	EndGlobalSection
EndGlobal
